{
  "name": "type2type",
  "version": "1.0.0",
  "lockfileVersion": 2,
  "requires": true,
  "packages": {
    "": {
      "name": "type2type",
      "version": "1.0.0",
      "license": "MIT",
      "devDependencies": {
        "expect-type": "^0.16.0",
        "nano-staged": "^0.8.0",
        "prettier": "^3.0.0",
        "typescript": "^5.1.6"
      }
    },
    "node_modules/expect-type": {
      "version": "0.16.0",
      "resolved": "https://registry.npmjs.org/expect-type/-/expect-type-0.16.0.tgz",
      "integrity": "sha512-wCpFeVBiAPGiYkQZzaqvGuuBnNCHbtnowMOBpBGY8a27XbG8VAit3lklWph1r8VmgsH61mOZqI3NuGm8bZnUlw==",
      "dev": true,
      "engines": {
        "node": ">=12.0.0"
      }
    },
    "node_modules/nano-staged": {
      "version": "0.8.0",
      "resolved": "https://registry.npmjs.org/nano-staged/-/nano-staged-0.8.0.tgz",
      "integrity": "sha512-QSEqPGTCJbkHU2yLvfY6huqYPjdBrOaTMKatO1F8nCSrkQGXeKwtCiCnsdxnuMhbg3DTVywKaeWLGCE5oJpq0g==",
      "dev": true,
      "dependencies": {
        "picocolors": "^1.0.0"
      },
      "bin": {
        "nano-staged": "lib/bin.js"
      },
      "engines": {
        "node": "^12.20.0 || ^14.13.1 || >=16.0.0"
      }
    },
    "node_modules/picocolors": {
      "version": "1.0.0",
      "resolved": "https://registry.npmjs.org/picocolors/-/picocolors-1.0.0.tgz",
      "integrity": "sha512-1fygroTLlHu66zi26VoTDv8yRgm0Fccecssto+MhsZ0D/DGW2sm8E8AjW7NU5VVTRt5GxbeZ5qBuJr+HyLYkjQ==",
      "dev": true
    },
    "node_modules/prettier": {
      "version": "3.0.0",
      "resolved": "https://registry.npmjs.org/prettier/-/prettier-3.0.0.tgz",
      "integrity": "sha512-zBf5eHpwHOGPC47h0zrPyNn+eAEIdEzfywMoYn2XPi0P44Zp0tSq64rq0xAREh4auw2cJZHo9QUob+NqCQky4g==",
      "dev": true,
      "bin": {
        "prettier": "bin/prettier.cjs"
      },
      "engines": {
        "node": ">=14"
      },
      "funding": {
        "url": "https://github.com/prettier/prettier?sponsor=1"
      }
    },
    "node_modules/typescript": {
      "version": "5.1.6",
      "resolved": "https://registry.npmjs.org/typescript/-/typescript-5.1.6.tgz",
      "integrity": "sha512-zaWCozRZ6DLEWAWFrVDz1H6FVXzUSfTy5FUMWsQlU8Ym5JP9eO4xkTIROFCQvhQf61z6O/G6ugw3SgAnvvm+HA==",
      "dev": true,
      "bin": {
        "tsc": "bin/tsc",
        "tsserver": "bin/tsserver"
      },
      "engines": {
        "node": ">=14.17"
      }
    }
  },
  "dependencies": {
    "expect-type": {
      "version": "0.16.0",
      "resolved": "https://registry.npmjs.org/expect-type/-/expect-type-0.16.0.tgz",
      "integrity": "sha512-wCpFeVBiAPGiYkQZzaqvGuuBnNCHbtnowMOBpBGY8a27XbG8VAit3lklWph1r8VmgsH61mOZqI3NuGm8bZnUlw==",
      "dev": true
    },
    "nano-staged": {
      "version": "0.8.0",
      "resolved": "https://registry.npmjs.org/nano-staged/-/nano-staged-0.8.0.tgz",
      "integrity": "sha512-QSEqPGTCJbkHU2yLvfY6huqYPjdBrOaTMKatO1F8nCSrkQGXeKwtCiCnsdxnuMhbg3DTVywKaeWLGCE5oJpq0g==",
      "dev": true,
      "requires": {
        "picocolors": "^1.0.0"
      }
    },
    "picocolors": {
      "version": "1.0.0",
      "resolved": "https://registry.npmjs.org/picocolors/-/picocolors-1.0.0.tgz",
      "integrity": "sha512-1fygroTLlHu66zi26VoTDv8yRgm0Fccecssto+MhsZ0D/DGW2sm8E8AjW7NU5VVTRt5GxbeZ5qBuJr+HyLYkjQ==",
      "dev": true
    },
    "prettier": {
      "version": "3.0.0",
      "resolved": "https://registry.npmjs.org/prettier/-/prettier-3.0.0.tgz",
      "integrity": "sha512-zBf5eHpwHOGPC47h0zrPyNn+eAEIdEzfywMoYn2XPi0P44Zp0tSq64rq0xAREh4auw2cJZHo9QUob+NqCQky4g==",
      "dev": true
    },
    "typescript": {
      "version": "5.1.6",
      "resolved": "https://registry.npmjs.org/typescript/-/typescript-5.1.6.tgz",
      "integrity": "sha512-zaWCozRZ6DLEWAWFrVDz1H6FVXzUSfTy5FUMWsQlU8Ym5JP9eO4xkTIROFCQvhQf61z6O/G6ugw3SgAnvvm+HA==",
      "dev": true
    }
  }
}
